
Microsoft Visual Studio Solution File, Format Version 12.00
# Visual Studio Version 17
VisualStudioVersion = 17.9.34622.214
MinimumVisualStudioVersion = 10.0.40219.1
Project("{FAE04EC0-301F-11D3-BF4B-00C04F79EFBC}") = "baitap1", "baitap1\baitap1.csproj", "{455A9D12-E001-49B6-A107-4BEA20F63C3B}"
EndProject
Global
	GlobalSection(SolutionConfigurationPlatforms) = preSolution
		Debug|Any CPU = Debug|Any CPU
		Release|Any CPU = Release|Any CPU
	EndGlobalSection
	GlobalSection(ProjectConfigurationPlatforms) = postSolution
		{455A9D12-E001-49B6-A107-4BEA20F63C3B}.Debug|Any CPU.ActiveCfg = Debug|Any CPU
		{455A9D12-E001-49B6-A107-4BEA20F63C3B}.Debug|Any CPU.Build.0 = Debug|Any CPU
		{455A9D12-E001-49B6-A107-4BEA20F63C3B}.Release|Any CPU.ActiveCfg = Release|Any CPU
		{455A9D12-E001-49B6-A107-4BEA20F63C3B}.Release|Any CPU.Build.0 = Release|Any CPU
	EndGlobalSection
	GlobalSection(SolutionProperties) = preSolution
		HideSolutionNode = FALSE
	EndGlobalSection
	GlobalSection(ExtensibilityGlobals) = postSolution
		SolutionGuid = {FB29B73A-A532-4D00-9F07-C73F76623235}
	EndGlobalSection
EndGlobal
